
Microsoft Visual Studio Solution File, Format Version 12.00
# Visual Studio Version 17
VisualStudioVersion = 17.9.34723.18
MinimumVisualStudioVersion = 10.0.40219.1
Project("{FAE04EC0-301F-11D3-BF4B-00C04F79EFBC}") = "task44", "task44\task44.csproj", "{685BC022-F4B2-4BCC-8623-4029437CE7D2}"
EndProject
Global
	GlobalSection(SolutionConfigurationPlatforms) = preSolution
		Debug|Any CPU = Debug|Any CPU
		Release|Any CPU = Release|Any CPU
	EndGlobalSection
	GlobalSection(ProjectConfigurationPlatforms) = postSolution
		{685BC022-F4B2-4BCC-8623-4029437CE7D2}.Debug|Any CPU.ActiveCfg = Debug|Any CPU
		{685BC022-F4B2-4BCC-8623-4029437CE7D2}.Debug|Any CPU.Build.0 = Debug|Any CPU
		{685BC022-F4B2-4BCC-8623-4029437CE7D2}.Release|Any CPU.ActiveCfg = Release|Any CPU
		{685BC022-F4B2-4BCC-8623-4029437CE7D2}.Release|Any CPU.Build.0 = Release|Any CPU
	EndGlobalSection
	GlobalSection(SolutionProperties) = preSolution
		HideSolutionNode = FALSE
	EndGlobalSection
	GlobalSection(ExtensibilityGlobals) = postSolution
		SolutionGuid = {AFA87757-E002-4A23-8554-4F3431B4B5E2}
	EndGlobalSection
EndGlobal
